<?xml version="1.0" encoding="utf-8"?>
<Project ToolsVersion="4.0" xmlns="http://schemas.microsoft.com/developer/msbuild/2003">
  <ItemGroup>
    <Filter Include="Файлы ресурсов">
      <UniqueIdentifier>{67DA6AB6-F800-4c08-8B7A-83BB121AAD01}</UniqueIdentifier>
      <Extensions>rc;ico;cur;bmp;dlg;rc2;rct;bin;rgs;gif;jpg;jpeg;jpe;resx;tiff;tif;png;wav;mfcribbon-ms</Extensions>
    </Filter>
    <Filter Include="source">
      <UniqueIdentifier>{4FC737F1-C7A5-4376-A066-2A32D752A2FF}</UniqueIdentifier>
      <Extensions>cpp;c;cc;cxx;def;odl;idl;hpj;bat;asm;asmx</Extensions>
    </Filter>
    <Filter Include="headers">
      <UniqueIdentifier>{93995380-89BD-4b04-88EB-625FBE52EBFB}</UniqueIdentifier>
      <Extensions>h;hh;hpp;hxx;hm;inl;inc;ipp;xsd</Extensions>
    </Filter>
  </ItemGroup>
  <ItemGroup>
    <ClInclude Include="entity.h">
      <Filter>headers</Filter>
    </ClInclude>
    <ClInclude Include="map.h">
      <Filter>headers</Filter>
    </ClInclude>
    <ClInclude Include="Player.h">
      <Filter>headers</Filter>
    </ClInclude>
    <ClInclude Include="stdafx.h">
      <Filter>headers</Filter>
    </ClInclude>
    <ClInclude Include="Shootable.h">
      <Filter>headers</Filter>
    </ClInclude>
    <ClInclude Include="giant_sword.h">
      <Filter>headers</Filter>
    </ClInclude>
    <ClInclude Include="CockRoachBoss.h">
      <Filter>headers</Filter>
    </ClInclude>
    <ClInclude Include="enemy.h">
      <Filter>headers</Filter>
    </ClInclude>
  </ItemGroup>
  <ItemGroup>
    <ClCompile Include="source\CockroachBoss.cpp">
      <Filter>source</Filter>
    </ClCompile>
    <ClCompile Include="source\enemy.cpp">
      <Filter>source</Filter>
    </ClCompile>
    <ClCompile Include="source\entity.cpp">
      <Filter>source</Filter>
    </ClCompile>
    <ClCompile Include="source\giant_sword.cpp">
      <Filter>source</Filter>
    </ClCompile>
    <ClCompile Include="source\main.cpp">
      <Filter>source</Filter>
    </ClCompile>
    <ClCompile Include="source\map.cpp">
      <Filter>source</Filter>
    </ClCompile>
    <ClCompile Include="source\Player.cpp">
      <Filter>source</Filter>
    </ClCompile>
    <ClCompile Include="source\Shootable.cpp">
      <Filter>source</Filter>
    </ClCompile>
  </ItemGroup>
</Project>